
Microsoft Visual Studio Solution File, Format Version 12.00
# Visual Studio Version 17
VisualStudioVersion = 17.10.35013.160
MinimumVisualStudioVersion = 10.0.40219.1
Project("{FAE04EC0-301F-11D3-BF4B-00C04F79EFBC}") = "02-02-2024", "02-02-2024\02-02-2024.csproj", "{8FF5EDEE-B672-4065-89FC-A57D4732873D}"
EndProject
Global
	GlobalSection(SolutionConfigurationPlatforms) = preSolution
		Debug|Any CPU = Debug|Any CPU
		Release|Any CPU = Release|Any CPU
	EndGlobalSection
	GlobalSection(ProjectConfigurationPlatforms) = postSolution
		{8FF5EDEE-B672-4065-89FC-A57D4732873D}.Debug|Any CPU.ActiveCfg = Debug|Any CPU
		{8FF5EDEE-B672-4065-89FC-A57D4732873D}.Debug|Any CPU.Build.0 = Debug|Any CPU
		{8FF5EDEE-B672-4065-89FC-A57D4732873D}.Release|Any CPU.ActiveCfg = Release|Any CPU
		{8FF5EDEE-B672-4065-89FC-A57D4732873D}.Release|Any CPU.Build.0 = Release|Any CPU
	EndGlobalSection
	GlobalSection(SolutionProperties) = preSolution
		HideSolutionNode = FALSE
	EndGlobalSection
	GlobalSection(ExtensibilityGlobals) = postSolution
		SolutionGuid = {1B3E4D9A-A27B-4D67-9A89-0D8A5CA40D7F}
	EndGlobalSection
EndGlobal
